
Microsoft Visual Studio Solution File, Format Version 12.00
# Visual Studio 15
VisualStudioVersion = 15.0.27703.2000
MinimumVisualStudioVersion = 10.0.40219.1
Project("{FAE04EC0-301F-11D3-BF4B-00C04F79EFBC}") = "prjBuraco", "prjBuraco\prjBuraco.csproj", "{3D321B7C-3EF8-45E7-8BEE-F8D8856B0F22}"
EndProject
Global
	GlobalSection(SolutionConfigurationPlatforms) = preSolution
		Debug|Any CPU = Debug|Any CPU
		Release|Any CPU = Release|Any CPU
	EndGlobalSection
	GlobalSection(ProjectConfigurationPlatforms) = postSolution
		{3D321B7C-3EF8-45E7-8BEE-F8D8856B0F22}.Debug|Any CPU.ActiveCfg = Debug|Any CPU
		{3D321B7C-3EF8-45E7-8BEE-F8D8856B0F22}.Debug|Any CPU.Build.0 = Debug|Any CPU
		{3D321B7C-3EF8-45E7-8BEE-F8D8856B0F22}.Release|Any CPU.ActiveCfg = Release|Any CPU
		{3D321B7C-3EF8-45E7-8BEE-F8D8856B0F22}.Release|Any CPU.Build.0 = Release|Any CPU
	EndGlobalSection
	GlobalSection(SolutionProperties) = preSolution
		HideSolutionNode = FALSE
	EndGlobalSection
	GlobalSection(ExtensibilityGlobals) = postSolution
		SolutionGuid = {D3FD7FD8-5F25-4869-876C-027ADF8EA2D6}
	EndGlobalSection
EndGlobal
